// !$*UTF8*$!
{
	archiveVersion = 1;
	classes = {
	};
	objectVersion = 46;
	objects = {

/* Begin PBXBuildFile section */
		1E48D79998483C831D4C0987 /* Pods_MMapTool.framework in Frameworks */ = {isa = PBXBuildFile; fileRef = C30F99D23042A3DCC61F4D9D /* Pods_MMapTool.framework */; };
		3FE7B9051AFBF7863C49B5A2 /* Pods_MMapToolUITests.framework in Frameworks */ = {isa = PBXBuildFile; fileRef = 8C14FBE32ED7FB26FB18EEE7 /* Pods_MMapToolUITests.framework */; };
		E94F3E3961514F2D4BE7C382 /* Pods_MMapToolTests.framework in Frameworks */ = {isa = PBXBuildFile; fileRef = E12D43A392CB1277846C0D8F /* Pods_MMapToolTests.framework */; };
		F59FEEF31E77CA0C0030A8DC /* AppDelegate.swift in Sources */ = {isa = PBXBuildFile; fileRef = F59FEEF21E77CA0C0030A8DC /* AppDelegate.swift */; };
		F59FEEF51E77CA0C0030A8DC /* ViewController.swift in Sources */ = {isa = PBXBuildFile; fileRef = F59FEEF41E77CA0C0030A8DC /* ViewController.swift */; };
		F59FEEF81E77CA0C0030A8DC /* Main.storyboard in Resources */ = {isa = PBXBuildFile; fileRef = F59FEEF61E77CA0C0030A8DC /* Main.storyboard */; };
		F59FEEFA1E77CA0C0030A8DC /* Assets.xcassets in Resources */ = {isa = PBXBuildFile; fileRef = F59FEEF91E77CA0C0030A8DC /* Assets.xcassets */; };
		F59FEEFD1E77CA0C0030A8DC /* LaunchScreen.storyboard in Resources */ = {isa = PBXBuildFile; fileRef = F59FEEFB1E77CA0C0030A8DC /* LaunchScreen.storyboard */; };
		F59FEF081E77CA0C0030A8DC /* MMapToolTests.swift in Sources */ = {isa = PBXBuildFile; fileRef = F59FEF071E77CA0C0030A8DC /* MMapToolTests.swift */; };
		F59FEF131E77CA0C0030A8DC /* MMapToolUITests.swift in Sources */ = {isa = PBXBuildFile; fileRef = F59FEF121E77CA0C0030A8DC /* MMapToolUITests.swift */; };
		F5E610351E8274310084116A /* Directions.swift in Sources */ = {isa = PBXBuildFile; fileRef = F5E610341E8274310084116A /* Directions.swift */; };
/* End PBXBuildFile section */

/* Begin PBXContainerItemProxy section */
		F59FEF041E77CA0C0030A8DC /* PBXContainerItemProxy */ = {
			isa = PBXContainerItemProxy;
			containerPortal = F59FEEE71E77CA0C0030A8DC /* Project object */;
			proxyType = 1;
			remoteGlobalIDString = F59FEEEE1E77CA0C0030A8DC;
			remoteInfo = MMapTool;
		};
		F59FEF0F1E77CA0C0030A8DC /* PBXContainerItemProxy */ = {
			isa = PBXContainerItemProxy;
			containerPortal = F59FEEE71E77CA0C0030A8DC /* Project object */;
			proxyType = 1;
			remoteGlobalIDString = F59FEEEE1E77CA0C0030A8DC;
			remoteInfo = MMapTool;
		};
/* End PBXContainerItemProxy section */

/* Begin PBXFileReference section */
		054DDEB04E7A0C923E6FF668 /* Pods-MMapTool.release.xcconfig */ = {isa = PBXFileReference; includeInIndex = 1; lastKnownFileType = text.xcconfig; name = "Pods-MMapTool.release.xcconfig"; path = "Pods/Target Support Files/Pods-MMapTool/Pods-MMapTool.release.xcconfig"; sourceTree = "<group>"; };
		20C5B87A536DE289777D2AC4 /* Pods-MMapToolUITests.debug.xcconfig */ = {isa = PBXFileReference; includeInIndex = 1; lastKnownFileType = text.xcconfig; name = "Pods-MMapToolUITests.debug.xcconfig"; path = "Pods/Target Support Files/Pods-MMapToolUITests/Pods-MMapToolUITests.debug.xcconfig"; sourceTree = "<group>"; };
		7B3193BCFCB9D1499E12F383 /* Pods-MMapTool.debug.xcconfig */ = {isa = PBXFileReference; includeInIndex = 1; lastKnownFileType = text.xcconfig; name = "Pods-MMapTool.debug.xcconfig"; path = "Pods/Target Support Files/Pods-MMapTool/Pods-MMapTool.debug.xcconfig"; sourceTree = "<group>"; };
		81ABDDF950D46CE86A554CBC /* Pods-MMapToolTests.debug.xcconfig */ = {isa = PBXFileReference; includeInIndex = 1; lastKnownFileType = text.xcconfig; name = "Pods-MMapToolTests.debug.xcconfig"; path = "Pods/Target Support Files/Pods-MMapToolTests/Pods-MMapToolTests.debug.xcconfig"; sourceTree = "<group>"; };
		8C14FBE32ED7FB26FB18EEE7 /* Pods_MMapToolUITests.framework */ = {isa = PBXFileReference; explicitFileType = wrapper.framework; includeInIndex = 0; path = Pods_MMapToolUITests.framework; sourceTree = BUILT_PRODUCTS_DIR; };
		B9BD0C114CFEF8F914AB795C /* Pods-MMapToolTests.release.xcconfig */ = {isa = PBXFileReference; includeInIndex = 1; lastKnownFileType = text.xcconfig; name = "Pods-MMapToolTests.release.xcconfig"; path = "Pods/Target Support Files/Pods-MMapToolTests/Pods-MMapToolTests.release.xcconfig"; sourceTree = "<group>"; };
		C30F99D23042A3DCC61F4D9D /* Pods_MMapTool.framework */ = {isa = PBXFileReference; explicitFileType = wrapper.framework; includeInIndex = 0; path = Pods_MMapTool.framework; sourceTree = BUILT_PRODUCTS_DIR; };
		DE8234AB13E765A913B33C74 /* Pods-MMapToolUITests.release.xcconfig */ = {isa = PBXFileReference; includeInIndex = 1; lastKnownFileType = text.xcconfig; name = "Pods-MMapToolUITests.release.xcconfig"; path = "Pods/Target Support Files/Pods-MMapToolUITests/Pods-MMapToolUITests.release.xcconfig"; sourceTree = "<group>"; };
		E12D43A392CB1277846C0D8F /* Pods_MMapToolTests.framework */ = {isa = PBXFileReference; explicitFileType = wrapper.framework; includeInIndex = 0; path = Pods_MMapToolTests.framework; sourceTree = BUILT_PRODUCTS_DIR; };
		F59FEEEF1E77CA0C0030A8DC /* MMapTool.app */ = {isa = PBXFileReference; explicitFileType = wrapper.application; includeInIndex = 0; path = MMapTool.app; sourceTree = BUILT_PRODUCTS_DIR; };
		F59FEEF21E77CA0C0030A8DC /* AppDelegate.swift */ = {isa = PBXFileReference; lastKnownFileType = sourcecode.swift; path = AppDelegate.swift; sourceTree = "<group>"; };
		F59FEEF41E77CA0C0030A8DC /* ViewController.swift */ = {isa = PBXFileReference; lastKnownFileType = sourcecode.swift; path = ViewController.swift; sourceTree = "<group>"; };
		F59FEEF71E77CA0C0030A8DC /* Base */ = {isa = PBXFileReference; lastKnownFileType = file.storyboard; name = Base; path = Base.lproj/Main.storyboard; sourceTree = "<group>"; };
		F59FEEF91E77CA0C0030A8DC /* Assets.xcassets */ = {isa = PBXFileReference; lastKnownFileType = folder.assetcatalog; path = Assets.xcassets; sourceTree = "<group>"; };
		F59FEEFC1E77CA0C0030A8DC /* Base */ = {isa = PBXFileReference; lastKnownFileType = file.storyboard; name = Base; path = Base.lproj/LaunchScreen.storyboard; sourceTree = "<group>"; };
		F59FEEFE1E77CA0C0030A8DC /* Info.plist */ = {isa = PBXFileReference; lastKnownFileType = text.plist.xml; path = Info.plist; sourceTree = "<group>"; };
		F59FEF031E77CA0C0030A8DC /* MMapToolTests.xctest */ = {isa = PBXFileReference; explicitFileType = wrapper.cfbundle; includeInIndex = 0; path = MMapToolTests.xctest; sourceTree = BUILT_PRODUCTS_DIR; };
		F59FEF071E77CA0C0030A8DC /* MMapToolTests.swift */ = {isa = PBXFileReference; lastKnownFileType = sourcecode.swift; path = MMapToolTests.swift; sourceTree = "<group>"; };
		F59FEF091E77CA0C0030A8DC /* Info.plist */ = {isa = PBXFileReference; lastKnownFileType = text.plist.xml; path = Info.plist; sourceTree = "<group>"; };
		F59FEF0E1E77CA0C0030A8DC /* MMapToolUITests.xctest */ = {isa = PBXFileReference; explicitFileType = wrapper.cfbundle; includeInIndex = 0; path = MMapToolUITests.xctest; sourceTree = BUILT_PRODUCTS_DIR; };
		F59FEF121E77CA0C0030A8DC /* MMapToolUITests.swift */ = {isa = PBXFileReference; lastKnownFileType = sourcecode.swift; path = MMapToolUITests.swift; sourceTree = "<group>"; };
		F59FEF141E77CA0C0030A8DC /* Info.plist */ = {isa = PBXFileReference; lastKnownFileType = text.plist.xml; path = Info.plist; sourceTree = "<group>"; };
		F5E610341E8274310084116A /* Directions.swift */ = {isa = PBXFileReference; fileEncoding = 4; lastKnownFileType = sourcecode.swift; path = Directions.swift; sourceTree = "<group>"; };
/* End PBXFileReference section */

/* Begin PBXFrameworksBuildPhase section */
		F59FEEEC1E77CA0C0030A8DC /* Frameworks */ = {
			isa = PBXFrameworksBuildPhase;
			buildActionMask = 2147483647;
			files = (
				1E48D79998483C831D4C0987 /* Pods_MMapTool.framework in Frameworks */,
			);
			runOnlyForDeploymentPostprocessing = 0;
		};
		F59FEF001E77CA0C0030A8DC /* Frameworks */ = {
			isa = PBXFrameworksBuildPhase;
			buildActionMask = 2147483647;
			files = (
				E94F3E3961514F2D4BE7C382 /* Pods_MMapToolTests.framework in Frameworks */,
			);
			runOnlyForDeploymentPostprocessing = 0;
		};
		F59FEF0B1E77CA0C0030A8DC /* Frameworks */ = {
			isa = PBXFrameworksBuildPhase;
			buildActionMask = 2147483647;
			files = (
				3FE7B9051AFBF7863C49B5A2 /* Pods_MMapToolUITests.framework in Frameworks */,
			);
			runOnlyForDeploymentPostprocessing = 0;
		};
/* End PBXFrameworksBuildPhase section */

/* Begin PBXGroup section */
		A7D5BB185387DB1302EDB761 /* Frameworks */ = {
			isa = PBXGroup;
			children = (
				C30F99D23042A3DCC61F4D9D /* Pods_MMapTool.framework */,
				E12D43A392CB1277846C0D8F /* Pods_MMapToolTests.framework */,
				8C14FBE32ED7FB26FB18EEE7 /* Pods_MMapToolUITests.framework */,
			);
			name = Frameworks;
			sourceTree = "<group>";
		};
		C3C984A2E176C361268E1829 /* Pods */ = {
			isa = PBXGroup;
			children = (
				7B3193BCFCB9D1499E12F383 /* Pods-MMapTool.debug.xcconfig */,
				054DDEB04E7A0C923E6FF668 /* Pods-MMapTool.release.xcconfig */,
				81ABDDF950D46CE86A554CBC /* Pods-MMapToolTests.debug.xcconfig */,
				B9BD0C114CFEF8F914AB795C /* Pods-MMapToolTests.release.xcconfig */,
				20C5B87A536DE289777D2AC4 /* Pods-MMapToolUITests.debug.xcconfig */,
				DE8234AB13E765A913B33C74 /* Pods-MMapToolUITests.release.xcconfig */,
			);
			name = Pods;
			sourceTree = "<group>";
		};
		F59FEEE61E77CA0C0030A8DC = {
			isa = PBXGroup;
			children = (
				F59FEEF11E77CA0C0030A8DC /* MMapTool */,
				F59FEF061E77CA0C0030A8DC /* MMapToolTests */,
				F59FEF111E77CA0C0030A8DC /* MMapToolUITests */,
				F59FEEF01E77CA0C0030A8DC /* Products */,
				C3C984A2E176C361268E1829 /* Pods */,
				A7D5BB185387DB1302EDB761 /* Frameworks */,
			);
			sourceTree = "<group>";
		};
		F59FEEF01E77CA0C0030A8DC /* Products */ = {
			isa = PBXGroup;
			children = (
				F59FEEEF1E77CA0C0030A8DC /* MMapTool.app */,
				F59FEF031E77CA0C0030A8DC /* MMapToolTests.xctest */,
				F59FEF0E1E77CA0C0030A8DC /* MMapToolUITests.xctest */,
			);
			name = Products;
			sourceTree = "<group>";
		};
		F59FEEF11E77CA0C0030A8DC /* MMapTool */ = {
			isa = PBXGroup;
			children = (
				F59FEEF21E77CA0C0030A8DC /* AppDelegate.swift */,
				F59FEEF41E77CA0C0030A8DC /* ViewController.swift */,
				F59FEEF61E77CA0C0030A8DC /* Main.storyboard */,
				F59FEEF91E77CA0C0030A8DC /* Assets.xcassets */,
				F59FEEFB1E77CA0C0030A8DC /* LaunchScreen.storyboard */,
				F59FEEFE1E77CA0C0030A8DC /* Info.plist */,
				F5E610341E8274310084116A /* Directions.swift */,
			);
			path = MMapTool;
			sourceTree = "<group>";
		};
		F59FEF061E77CA0C0030A8DC /* MMapToolTests */ = {
			isa = PBXGroup;
			children = (
				F59FEF071E77CA0C0030A8DC /* MMapToolTests.swift */,
				F59FEF091E77CA0C0030A8DC /* Info.plist */,
			);
			path = MMapToolTests;
			sourceTree = "<group>";
		};
		F59FEF111E77CA0C0030A8DC /* MMapToolUITests */ = {
			isa = PBXGroup;
			children = (
				F59FEF121E77CA0C0030A8DC /* MMapToolUITests.swift */,
				F59FEF141E77CA0C0030A8DC /* Info.plist */,
			);
			path = MMapToolUITests;
			sourceTree = "<group>";
		};
/* End PBXGroup section */

/* Begin PBXNativeTarget section */
		F59FEEEE1E77CA0C0030A8DC /* MMapTool */ = {
			isa = PBXNativeTarget;
			buildConfigurationList = F59FEF171E77CA0C0030A8DC /* Build configuration list for PBXNativeTarget "MMapTool" */;
			buildPhases = (
				F3D272F82EF51104B68C3325 /* [CP] Check Pods Manifest.lock */,
				F59FEEEB1E77CA0C0030A8DC /* Sources */,
				F59FEEEC1E77CA0C0030A8DC /* Frameworks */,
				F59FEEED1E77CA0C0030A8DC /* Resources */,
				3BCDF23678AD43F0267C0FFC /* [CP] Embed Pods Frameworks */,
				AD4D75B7816097E3D136A12A /* [CP] Copy Pods Resources */,
			);
			buildRules = (
			);
			dependencies = (
			);
			name = MMapTool;
			productName = MMapTool;
			productReference = F59FEEEF1E77CA0C0030A8DC /* MMapTool.app */;
			productType = "com.apple.product-type.application";
		};
		F59FEF021E77CA0C0030A8DC /* MMapToolTests */ = {
			isa = PBXNativeTarget;
			buildConfigurationList = F59FEF1A1E77CA0C0030A8DC /* Build configuration list for PBXNativeTarget "MMapToolTests" */;
			buildPhases = (
				E96ACC0088F6B337B7FEB0B2 /* [CP] Check Pods Manifest.lock */,
				F59FEEFF1E77CA0C0030A8DC /* Sources */,
				F59FEF001E77CA0C0030A8DC /* Frameworks */,
				F59FEF011E77CA0C0030A8DC /* Resources */,
				1484274A2522941A19DB31D1 /* [CP] Embed Pods Frameworks */,
				09C1DDEA537E4EB7C2D4A6F5 /* [CP] Copy Pods Resources */,
			);
			buildRules = (
			);
			dependencies = (
				F59FEF051E77CA0C0030A8DC /* PBXTargetDependency */,
			);
			name = MMapToolTests;
			productName = MMapToolTests;
			productReference = F59FEF031E77CA0C0030A8DC /* MMapToolTests.xctest */;
			productType = "com.apple.product-type.bundle.unit-test";
		};
		F59FEF0D1E77CA0C0030A8DC /* MMapToolUITests */ = {
			isa = PBXNativeTarget;
			buildConfigurationList = F59FEF1D1E77CA0C0030A8DC /* Build configuration list for PBXNativeTarget "MMapToolUITests" */;
			buildPhases = (
				B60A12EB6427D3EC2DFC4F21 /* [CP] Check Pods Manifest.lock */,
				F59FEF0A1E77CA0C0030A8DC /* Sources */,
				F59FEF0B1E77CA0C0030A8DC /* Frameworks */,
				F59FEF0C1E77CA0C0030A8DC /* Resources */,
				6B4148C27B4213CEB43A68D6 /* [CP] Embed Pods Frameworks */,
				0BCC82EC1611229B6C4FACED /* [CP] Copy Pods Resources */,
			);
			buildRules = (
			);
			dependencies = (
				F59FEF101E77CA0C0030A8DC /* PBXTargetDependency */,
			);
			name = MMapToolUITests;
			productName = MMapToolUITests;
			productReference = F59FEF0E1E77CA0C0030A8DC /* MMapToolUITests.xctest */;
			productType = "com.apple.product-type.bundle.ui-testing";
		};
/* End PBXNativeTarget section */

/* Begin PBXProject section */
		F59FEEE71E77CA0C0030A8DC /* Project object */ = {
			isa = PBXProject;
			attributes = {
				LastSwiftUpdateCheck = 0800;
				LastUpgradeCheck = 0800;
				ORGANIZATIONNAME = Siang;
				TargetAttributes = {
					F59FEEEE1E77CA0C0030A8DC = {
						CreatedOnToolsVersion = 8.0;
						DevelopmentTeam = 37Q58WDHKM;
						ProvisioningStyle = Automatic;
					};
					F59FEF021E77CA0C0030A8DC = {
						CreatedOnToolsVersion = 8.0;
						DevelopmentTeam = KXWGV5T754;
						ProvisioningStyle = Automatic;
						TestTargetID = F59FEEEE1E77CA0C0030A8DC;
					};
					F59FEF0D1E77CA0C0030A8DC = {
						CreatedOnToolsVersion = 8.0;
						DevelopmentTeam = KXWGV5T754;
						ProvisioningStyle = Automatic;
						TestTargetID = F59FEEEE1E77CA0C0030A8DC;
					};
				};
			};
			buildConfigurationList = F59FEEEA1E77CA0C0030A8DC /* Build configuration list for PBXProject "MMapTool" */;
			compatibilityVersion = "Xcode 3.2";
			developmentRegion = English;
			hasScannedForEncodings = 0;
			knownRegions = (
				en,
				Base,
			);
			mainGroup = F59FEEE61E77CA0C0030A8DC;
			productRefGroup = F59FEEF01E77CA0C0030A8DC /* Products */;
			projectDirPath = "";
			projectRoot = "";
			targets = (
				F59FEEEE1E77CA0C0030A8DC /* MMapTool */,
				F59FEF021E77CA0C0030A8DC /* MMapToolTests */,
				F59FEF0D1E77CA0C0030A8DC /* MMapToolUITests */,
			);
		};
/* End PBXProject section */

/* Begin PBXResourcesBuildPhase section */
		F59FEEED1E77CA0C0030A8DC /* Resources */ = {
			isa = PBXResourcesBuildPhase;
			buildActionMask = 2147483647;
			files = (
				F59FEEFD1E77CA0C0030A8DC /* LaunchScreen.storyboard in Resources */,
				F59FEEFA1E77CA0C0030A8DC /* Assets.xcassets in Resources */,
				F59FEEF81E77CA0C0030A8DC /* Main.storyboard in Resources */,
			);
			runOnlyForDeploymentPostprocessing = 0;
		};
		F59FEF011E77CA0C0030A8DC /* Resources */ = {
			isa = PBXResourcesBuildPhase;
			buildActionMask = 2147483647;
			files = (
			);
			runOnlyForDeploymentPostprocessing = 0;
		};
		F59FEF0C1E77CA0C0030A8DC /* Resources */ = {
			isa = PBXResourcesBuildPhase;
			buildActionMask = 2147483647;
			files = (
			);
			runOnlyForDeploymentPostprocessing = 0;
		};
/* End PBXResourcesBuildPhase section */

/* Begin PBXShellScriptBuildPhase section */
		09C1DDEA537E4EB7C2D4A6F5 /* [CP] Copy Pods Resources */ = {
			isa = PBXShellScriptBuildPhase;
			buildActionMask = 2147483647;
			files = (
			);
			inputPaths = (
			);
			name = "[CP] Copy Pods Resources";
			outputPaths = (
			);
			runOnlyForDeploymentPostprocessing = 0;
			shellPath = /bin/sh;
			shellScript = "\"${SRCROOT}/Pods/Target Support Files/Pods-MMapToolTests/Pods-MMapToolTests-resources.sh\"\n";
			showEnvVarsInLog = 0;
		};
		0BCC82EC1611229B6C4FACED /* [CP] Copy Pods Resources */ = {
			isa = PBXShellScriptBuildPhase;
			buildActionMask = 2147483647;
			files = (
			);
			inputPaths = (
			);
			name = "[CP] Copy Pods Resources";
			outputPaths = (
			);
			runOnlyForDeploymentPostprocessing = 0;
			shellPath = /bin/sh;
			shellScript = "\"${SRCROOT}/Pods/Target Support Files/Pods-MMapToolUITests/Pods-MMapToolUITests-resources.sh\"\n";
			showEnvVarsInLog = 0;
		};
		1484274A2522941A19DB31D1 /* [CP] Embed Pods Frameworks */ = {
			isa = PBXShellScriptBuildPhase;
			buildActionMask = 2147483647;
			files = (
			);
			inputPaths = (
			);
			name = "[CP] Embed Pods Frameworks";
			outputPaths = (
			);
			runOnlyForDeploymentPostprocessing = 0;
			shellPath = /bin/sh;
			shellScript = "\"${SRCROOT}/Pods/Target Support Files/Pods-MMapToolTests/Pods-MMapToolTests-frameworks.sh\"\n";
			showEnvVarsInLog = 0;
		};
		3BCDF23678AD43F0267C0FFC /* [CP] Embed Pods Frameworks */ = {
			isa = PBXShellScriptBuildPhase;
			buildActionMask = 2147483647;
			files = (
			);
			inputPaths = (
			);
			name = "[CP] Embed Pods Frameworks";
			outputPaths = (
			);
			runOnlyForDeploymentPostprocessing = 0;
			shellPath = /bin/sh;
			shellScript = "\"${SRCROOT}/Pods/Target Support Files/Pods-MMapTool/Pods-MMapTool-frameworks.sh\"\n";
			showEnvVarsInLog = 0;
		};
		6B4148C27B4213CEB43A68D6 /* [CP] Embed Pods Frameworks */ = {
			isa = PBXShellScriptBuildPhase;
			buildActionMask = 2147483647;
			files = (
			);
			inputPaths = (
			);
			name = "[CP] Embed Pods Frameworks";
			outputPaths = (
			);
			runOnlyForDeploymentPostprocessing = 0;
			shellPath = /bin/sh;
			shellScript = "\"${SRCROOT}/Pods/Target Support Files/Pods-MMapToolUITests/Pods-MMapToolUITests-frameworks.sh\"\n";
			showEnvVarsInLog = 0;
		};
		AD4D75B7816097E3D136A12A /* [CP] Copy Pods Resources */ = {
			isa = PBXShellScriptBuildPhase;
			buildActionMask = 2147483647;
			files = (
			);
			inputPaths = (
			);
			name = "[CP] Copy Pods Resources";
			outputPaths = (
			);
			runOnlyForDeploymentPostprocessing = 0;
			shellPath = /bin/sh;
			shellScript = "\"${SRCROOT}/Pods/Target Support Files/Pods-MMapTool/Pods-MMapTool-resources.sh\"\n";
			showEnvVarsInLog = 0;
		};
		B60A12EB6427D3EC2DFC4F21 /* [CP] Check Pods Manifest.lock */ = {
			isa = PBXShellScriptBuildPhase;
			buildActionMask = 2147483647;
			files = (
			);
			inputPaths = (
			);
			name = "[CP] Check Pods Manifest.lock";
			outputPaths = (
			);
			runOnlyForDeploymentPostprocessing = 0;
			shellPath = /bin/sh;
			shellScript = "diff \"${PODS_ROOT}/../Podfile.lock\" \"${PODS_ROOT}/Manifest.lock\" > /dev/null\nif [ $? != 0 ] ; then\n    # print error to STDERR\n    echo \"error: The sandbox is not in sync with the Podfile.lock. Run 'pod install' or update your CocoaPods installation.\" >&2\n    exit 1\nfi\n";
			showEnvVarsInLog = 0;
		};
		E96ACC0088F6B337B7FEB0B2 /* [CP] Check Pods Manifest.lock */ = {
			isa = PBXShellScriptBuildPhase;
			buildActionMask = 2147483647;
			files = (
			);
			inputPaths = (
			);
			name = "[CP] Check Pods Manifest.lock";
			outputPaths = (
			);
			runOnlyForDeploymentPostprocessing = 0;
			shellPath = /bin/sh;
			shellScript = "diff \"${PODS_ROOT}/../Podfile.lock\" \"${PODS_ROOT}/Manifest.lock\" > /dev/null\nif [ $? != 0 ] ; then\n    # print error to STDERR\n    echo \"error: The sandbox is not in sync with the Podfile.lock. Run 'pod install' or update your CocoaPods installation.\" >&2\n    exit 1\nfi\n";
			showEnvVarsInLog = 0;
		};
		F3D272F82EF51104B68C3325 /* [CP] Check Pods Manifest.lock */ = {
			isa = PBXShellScriptBuildPhase;
			buildActionMask = 2147483647;
			files = (
			);
			inputPaths = (
			);
			name = "[CP] Check Pods Manifest.lock";
			outputPaths = (
			);
			runOnlyForDeploymentPostprocessing = 0;
			shellPath = /bin/sh;
			shellScript = "diff \"${PODS_ROOT}/../Podfile.lock\" \"${PODS_ROOT}/Manifest.lock\" > /dev/null\nif [ $? != 0 ] ; then\n    # print error to STDERR\n    echo \"error: The sandbox is not in sync with the Podfile.lock. Run 'pod install' or update your CocoaPods installation.\" >&2\n    exit 1\nfi\n";
			showEnvVarsInLog = 0;
		};
/* End PBXShellScriptBuildPhase section */

/* Begin PBXSourcesBuildPhase section */
		F59FEEEB1E77CA0C0030A8DC /* Sources */ = {
			isa = PBXSourcesBuildPhase;
			buildActionMask = 2147483647;
			files = (
				F59FEEF51E77CA0C0030A8DC /* ViewController.swift in Sources */,
				F5E610351E8274310084116A /* Directions.swift in Sources */,
				F59FEEF31E77CA0C0030A8DC /* AppDelegate.swift in Sources */,
			);
			runOnlyForDeploymentPostprocessing = 0;
		};
		F59FEEFF1E77CA0C0030A8DC /* Sources */ = {
			isa = PBXSourcesBuildPhase;
			buildActionMask = 2147483647;
			files = (
				F59FEF081E77CA0C0030A8DC /* MMapToolTests.swift in Sources */,
			);
			runOnlyForDeploymentPostprocessing = 0;
		};
		F59FEF0A1E77CA0C0030A8DC /* Sources */ = {
			isa = PBXSourcesBuildPhase;
			buildActionMask = 2147483647;
			files = (
				F59FEF131E77CA0C0030A8DC /* MMapToolUITests.swift in Sources */,
			);
			runOnlyForDeploymentPostprocessing = 0;
		};
/* End PBXSourcesBuildPhase section */

/* Begin PBXTargetDependency section */
		F59FEF051E77CA0C0030A8DC /* PBXTargetDependency */ = {
			isa = PBXTargetDependency;
			target = F59FEEEE1E77CA0C0030A8DC /* MMapTool */;
			targetProxy = F59FEF041E77CA0C0030A8DC /* PBXContainerItemProxy */;
		};
		F59FEF101E77CA0C0030A8DC /* PBXTargetDependency */ = {
			isa = PBXTargetDependency;
			target = F59FEEEE1E77CA0C0030A8DC /* MMapTool */;
			targetProxy = F59FEF0F1E77CA0C0030A8DC /* PBXContainerItemProxy */;
		};
/* End PBXTargetDependency section */

/* Begin PBXVariantGroup section */
		F59FEEF61E77CA0C0030A8DC /* Main.storyboard */ = {
			isa = PBXVariantGroup;
			children = (
				F59FEEF71E77CA0C0030A8DC /* Base */,
			);
			name = Main.storyboard;
			sourceTree = "<group>";
		};
		F59FEEFB1E77CA0C0030A8DC /* LaunchScreen.storyboard */ = {
			isa = PBXVariantGroup;
			children = (
				F59FEEFC1E77CA0C0030A8DC /* Base */,
			);
			name = LaunchScreen.storyboard;
			sourceTree = "<group>";
		};
/* End PBXVariantGroup section */

/* Begin XCBuildConfiguration section */
		F59FEF151E77CA0C0030A8DC /* Debug */ = {
			isa = XCBuildConfiguration;
			buildSettings = {
				ALWAYS_SEARCH_USER_PATHS = NO;
				CLANG_ANALYZER_NONNULL = YES;
				CLANG_CXX_LANGUAGE_STANDARD = "gnu++0x";
				CLANG_CXX_LIBRARY = "libc++";
				CLANG_ENABLE_MODULES = YES;
				CLANG_ENABLE_OBJC_ARC = YES;
				CLANG_WARN_BOOL_CONVERSION = YES;
				CLANG_WARN_CONSTANT_CONVERSION = YES;
				CLANG_WARN_DIRECT_OBJC_ISA_USAGE = YES_ERROR;
				CLANG_WARN_DOCUMENTATION_COMMENTS = YES;
				CLANG_WARN_EMPTY_BODY = YES;
				CLANG_WARN_ENUM_CONVERSION = YES;
				CLANG_WARN_INFINITE_RECURSION = YES;
				CLANG_WARN_INT_CONVERSION = YES;
				CLANG_WARN_OBJC_ROOT_CLASS = YES_ERROR;
				CLANG_WARN_SUSPICIOUS_MOVES = YES;
				CLANG_WARN_UNREACHABLE_CODE = YES;
				CLANG_WARN__DUPLICATE_METHOD_MATCH = YES;
				"CODE_SIGN_IDENTITY[sdk=iphoneos*]" = "iPhone Developer";
				COPY_PHASE_STRIP = NO;
				DEBUG_INFORMATION_FORMAT = dwarf;
				ENABLE_STRICT_OBJC_MSGSEND = YES;
				ENABLE_TESTABILITY = YES;
				GCC_C_LANGUAGE_STANDARD = gnu99;
				GCC_DYNAMIC_NO_PIC = NO;
				GCC_NO_COMMON_BLOCKS = YES;
				GCC_OPTIMIZATION_LEVEL = 0;
				GCC_PREPROCESSOR_DEFINITIONS = (
					"DEBUG=1",
					"$(inherited)",
				);
				GCC_WARN_64_TO_32_BIT_CONVERSION = YES;
				GCC_WARN_ABOUT_RETURN_TYPE = YES_ERROR;
				GCC_WARN_UNDECLARED_SELECTOR = YES;
				GCC_WARN_UNINITIALIZED_AUTOS = YES_AGGRESSIVE;
				GCC_WARN_UNUSED_FUNCTION = YES;
				GCC_WARN_UNUSED_VARIABLE = YES;
				IPHONEOS_DEPLOYMENT_TARGET = 10.0;
				MTL_ENABLE_DEBUG_INFO = YES;
				ONLY_ACTIVE_ARCH = YES;
				SDKROOT = iphoneos;
				SWIFT_ACTIVE_COMPILATION_CONDITIONS = DEBUG;
				SWIFT_OPTIMIZATION_LEVEL = "-Onone";
				TARGETED_DEVICE_FAMILY = "1,2";
			};
			name = Debug;
		};
		F59FEF161E77CA0C0030A8DC /* Release */ = {
			isa = XCBuildConfiguration;
			buildSettings = {
				ALWAYS_SEARCH_USER_PATHS = NO;
				CLANG_ANALYZER_NONNULL = YES;
				CLANG_CXX_LANGUAGE_STANDARD = "gnu++0x";
				CLANG_CXX_LIBRARY = "libc++";
				CLANG_ENABLE_MODULES = YES;
				CLANG_ENABLE_OBJC_ARC = YES;
				CLANG_WARN_BOOL_CONVERSION = YES;
				CLANG_WARN_CONSTANT_CONVERSION = YES;
				CLANG_WARN_DIRECT_OBJC_ISA_USAGE = YES_ERROR;
				CLANG_WARN_DOCUMENTATION_COMMENTS = YES;
				CLANG_WARN_EMPTY_BODY = YES;
				CLANG_WARN_ENUM_CONVERSION = YES;
				CLANG_WARN_INFINITE_RECURSION = YES;
				CLANG_WARN_INT_CONVERSION = YES;
				CLANG_WARN_OBJC_ROOT_CLASS = YES_ERROR;
				CLANG_WARN_SUSPICIOUS_MOVES = YES;
				CLANG_WARN_UNREACHABLE_CODE = YES;
				CLANG_WARN__DUPLICATE_METHOD_MATCH = YES;
				"CODE_SIGN_IDENTITY[sdk=iphoneos*]" = "iPhone Developer";
				COPY_PHASE_STRIP = NO;
				DEBUG_INFORMATION_FORMAT = "dwarf-with-dsym";
				ENABLE_NS_ASSERTIONS = NO;
				ENABLE_STRICT_OBJC_MSGSEND = YES;
				GCC_C_LANGUAGE_STANDARD = gnu99;
				GCC_NO_COMMON_BLOCKS = YES;
				GCC_WARN_64_TO_32_BIT_CONVERSION = YES;
				GCC_WARN_ABOUT_RETURN_TYPE = YES_ERROR;
				GCC_WARN_UNDECLARED_SELECTOR = YES;
				GCC_WARN_UNINITIALIZED_AUTOS = YES_AGGRESSIVE;
				GCC_WARN_UNUSED_FUNCTION = YES;
				GCC_WARN_UNUSED_VARIABLE = YES;
				IPHONEOS_DEPLOYMENT_TARGET = 10.0;
				MTL_ENABLE_DEBUG_INFO = NO;
				SDKROOT = iphoneos;
				SWIFT_OPTIMIZATION_LEVEL = "-Owholemodule";
				TARGETED_DEVICE_FAMILY = "1,2";
				VALIDATE_PRODUCT = YES;
			};
			name = Release;
		};
		F59FEF181E77CA0C0030A8DC /* Debug */ = {
			isa = XCBuildConfiguration;
			baseConfigurationReference = 7B3193BCFCB9D1499E12F383 /* Pods-MMapTool.debug.xcconfig */;
			buildSettings = {
				ASSETCATALOG_COMPILER_APPICON_NAME = AppIcon;
				DEVELOPMENT_TEAM = 37Q58WDHKM;
				INFOPLIST_FILE = MMapTool/Info.plist;
				IPHONEOS_DEPLOYMENT_TARGET = 8.0;
				LD_RUNPATH_SEARCH_PATHS = "$(inherited) @executable_path/Frameworks";
				PRODUCT_BUNDLE_IDENTIFIER = com.siang.MMapTool;
				PRODUCT_NAME = "$(TARGET_NAME)";
				SWIFT_VERSION = 3.0;
				TARGETED_DEVICE_FAMILY = 1;
			};
			name = Debug;
		};
		F59FEF191E77CA0C0030A8DC /* Release */ = {
			isa = XCBuildConfiguration;
			baseConfigurationReference = 054DDEB04E7A0C923E6FF668 /* Pods-MMapTool.release.xcconfig */;
			buildSettings = {
				ASSETCATALOG_COMPILER_APPICON_NAME = AppIcon;
				DEVELOPMENT_TEAM = 37Q58WDHKM;
				INFOPLIST_FILE = MMapTool/Info.plist;
				IPHONEOS_DEPLOYMENT_TARGET = 8.0;
				LD_RUNPATH_SEARCH_PATHS = "$(inherited) @executable_path/Frameworks";
				PRODUCT_BUNDLE_IDENTIFIER = com.siang.MMapTool;
				PRODUCT_NAME = "$(TARGET_NAME)";
				SWIFT_VERSION = 3.0;
				TARGETED_DEVICE_FAMILY = 1;
			};
			name = Release;
		};
		F59FEF1B1E77CA0C0030A8DC /* Debug */ = {
			isa = XCBuildConfiguration;
			baseConfigurationReference = 81ABDDF950D46CE86A554CBC /* Pods-MMapToolTests.debug.xcconfig */;
			buildSettings = {
				ALWAYS_EMBED_SWIFT_STANDARD_LIBRARIES = YES;
				BUNDLE_LOADER = "$(TEST_HOST)";
				DEVELOPMENT_TEAM = KXWGV5T754;
				INFOPLIST_FILE = MMapToolTests/Info.plist;
				LD_RUNPATH_SEARCH_PATHS = "$(inherited) @executable_path/Frameworks @loader_path/Frameworks";
				PRODUCT_BUNDLE_IDENTIFIER = com.siang.MMapToolTests;
				PRODUCT_NAME = "$(TARGET_NAME)";
				SWIFT_VERSION = 3.0;
				TEST_HOST = "$(BUILT_PRODUCTS_DIR)/MMapTool.app/MMapTool";
			};
			name = Debug;
		};
		F59FEF1C1E77CA0C0030A8DC /* Release */ = {
			isa = XCBuildConfiguration;
			baseConfigurationReference = B9BD0C114CFEF8F914AB795C /* Pods-MMapToolTests.release.xcconfig */;
			buildSettings = {
				ALWAYS_EMBED_SWIFT_STANDARD_LIBRARIES = YES;
				BUNDLE_LOADER = "$(TEST_HOST)";
				DEVELOPMENT_TEAM = KXWGV5T754;
				INFOPLIST_FILE = MMapToolTests/Info.plist;
				LD_RUNPATH_SEARCH_PATHS = "$(inherited) @executable_path/Frameworks @loader_path/Frameworks";
				PRODUCT_BUNDLE_IDENTIFIER = com.siang.MMapToolTests;
				PRODUCT_NAME = "$(TARGET_NAME)";
				SWIFT_VERSION = 3.0;
				TEST_HOST = "$(BUILT_PRODUCTS_DIR)/MMapTool.app/MMapTool";
			};
			name = Release;
		};
		F59FEF1E1E77CA0C0030A8DC /* Debug */ = {
			isa = XCBuildConfiguration;
			baseConfigurationReference = 20C5B87A536DE289777D2AC4 /* Pods-MMapToolUITests.debug.xcconfig */;
			buildSettings = {
				ALWAYS_EMBED_SWIFT_STANDARD_LIBRARIES = YES;
				DEVELOPMENT_TEAM = KXWGV5T754;
				INFOPLIST_FILE = MMapToolUITests/Info.plist;
				LD_RUNPATH_SEARCH_PATHS = "$(inherited) @executable_path/Frameworks @loader_path/Frameworks";
				PRODUCT_BUNDLE_IDENTIFIER = com.siang.MMapToolUITests;
				PRODUCT_NAME = "$(TARGET_NAME)";
				SWIFT_VERSION = 3.0;
				TEST_TARGET_NAME = MMapTool;
			};
			name = Debug;
		};
		F59FEF1F1E77CA0C0030A8DC /* Release */ = {
			isa = XCBuildConfiguration;
			baseConfigurationReference = DE8234AB13E765A913B33C74 /* Pods-MMapToolUITests.release.xcconfig */;
			buildSettings = {
				ALWAYS_EMBED_SWIFT_STANDARD_LIBRARIES = YES;
				DEVELOPMENT_TEAM = KXWGV5T754;
				INFOPLIST_FILE = MMapToolUITests/Info.plist;
				LD_RUNPATH_SEARCH_PATHS = "$(inherited) @executable_path/Frameworks @loader_path/Frameworks";
				PRODUCT_BUNDLE_IDENTIFIER = com.siang.MMapToolUITests;
				PRODUCT_NAME = "$(TARGET_NAME)";
				SWIFT_VERSION = 3.0;
				TEST_TARGET_NAME = MMapTool;
			};
			name = Release;
		};
/* End XCBuildConfiguration section */

/* Begin XCConfigurationList section */
		F59FEEEA1E77CA0C0030A8DC /* Build configuration list for PBXProject "MMapTool" */ = {
			isa = XCConfigurationList;
			buildConfigurations = (
				F59FEF151E77CA0C0030A8DC /* Debug */,
				F59FEF161E77CA0C0030A8DC /* Release */,
			);
			defaultConfigurationIsVisible = 0;
			defaultConfigurationName = Release;
		};
		F59FEF171E77CA0C0030A8DC /* Build configuration list for PBXNativeTarget "MMapTool" */ = {
			isa = XCConfigurationList;
			buildConfigurations = (
				F59FEF181E77CA0C0030A8DC /* Debug */,
				F59FEF191E77CA0C0030A8DC /* Release */,
			);
			defaultConfigurationIsVisible = 0;
			defaultConfigurationName = Release;
		};
		F59FEF1A1E77CA0C0030A8DC /* Build configuration list for PBXNativeTarget "MMapToolTests" */ = {
			isa = XCConfigurationList;
			buildConfigurations = (
				F59FEF1B1E77CA0C0030A8DC /* Debug */,
				F59FEF1C1E77CA0C0030A8DC /* Release */,
			);
			defaultConfigurationIsVisible = 0;
			defaultConfigurationName = Release;
		};
		F59FEF1D1E77CA0C0030A8DC /* Build configuration list for PBXNativeTarget "MMapToolUITests" */ = {
			isa = XCConfigurationList;
			buildConfigurations = (
				F59FEF1E1E77CA0C0030A8DC /* Debug */,
				F59FEF1F1E77CA0C0030A8DC /* Release */,
			);
			defaultConfigurationIsVisible = 0;
			defaultConfigurationName = Release;
		};
/* End XCConfigurationList section */
	};
	rootObject = F59FEEE71E77CA0C0030A8DC /* Project object */;
}
